// !$*UTF8*$!
{
	archiveVersion = 1;
	classes = {
	};
	objectVersion = 46;
	objects = {

/* Begin PBXBuildFile section */
		3B8FA5BA3DADBAC594938712 /* Pods_DLMVVMLearnTests.framework in Frameworks */ = {isa = PBXBuildFile; fileRef = AABEB76A51F2FA0CEB03D956 /* Pods_DLMVVMLearnTests.framework */; };
		531BABC91F04085E0036E93E /* DLRouter.m in Sources */ = {isa = PBXBuildFile; fileRef = 531BABC81F04085E0036E93E /* DLRouter.m */; };
		531BABCC1F040B460036E93E /* DLNavigationController.m in Sources */ = {isa = PBXBuildFile; fileRef = 531BABCB1F040B460036E93E /* DLNavigationController.m */; };
		531BABCF1F040BF50036E93E /* DLTabBarController.m in Sources */ = {isa = PBXBuildFile; fileRef = 531BABCE1F040BF50036E93E /* DLTabBarController.m */; };
		531BABD21F05578B0036E93E /* SAMKeychain+DLUtil.m in Sources */ = {isa = PBXBuildFile; fileRef = 531BABD11F05578B0036E93E /* SAMKeychain+DLUtil.m */; };
		531BABD51F055DCB0036E93E /* DLUtil.m in Sources */ = {isa = PBXBuildFile; fileRef = 531BABD41F055DCB0036E93E /* DLUtil.m */; };
		531BABD81F0560FF0036E93E /* OCTUser+DLPersistence.m in Sources */ = {isa = PBXBuildFile; fileRef = 531BABD71F0560FF0036E93E /* OCTUser+DLPersistence.m */; };
		531BABDC1F056BFD0036E93E /* UIImage+DLOcticons.m in Sources */ = {isa = PBXBuildFile; fileRef = 531BABDB1F056BFD0036E93E /* UIImage+DLOcticons.m */; };
		EC303679236CA882D9AA8578 /* Pods_DLMVVMLearn.framework in Frameworks */ = {isa = PBXBuildFile; fileRef = 583FB3B130414A5CEC549A8E /* Pods_DLMVVMLearn.framework */; };
		FC8930A11F02B0B300907573 /* main.m in Sources */ = {isa = PBXBuildFile; fileRef = FC8930A01F02B0B300907573 /* main.m */; };
		FC8930A41F02B0B300907573 /* DLAppDelegate.m in Sources */ = {isa = PBXBuildFile; fileRef = FC8930A31F02B0B300907573 /* DLAppDelegate.m */; };
		FC8930AC1F02B0B300907573 /* Assets.xcassets in Resources */ = {isa = PBXBuildFile; fileRef = FC8930AB1F02B0B300907573 /* Assets.xcassets */; };
		FC8930AF1F02B0B300907573 /* LaunchScreen.storyboard in Resources */ = {isa = PBXBuildFile; fileRef = FC8930AD1F02B0B300907573 /* LaunchScreen.storyboard */; };
		FC8930BA1F02B0B300907573 /* DLMVVMLearnTests.m in Sources */ = {isa = PBXBuildFile; fileRef = FC8930B91F02B0B300907573 /* DLMVVMLearnTests.m */; };
		FC8930D51F02B82300907573 /* DLViewModel.m in Sources */ = {isa = PBXBuildFile; fileRef = FC8930D41F02B82300907573 /* DLViewModel.m */; };
		FC8930DC1F02BDEF00907573 /* DLRepositoryServiceImpl.m in Sources */ = {isa = PBXBuildFile; fileRef = FC8930DB1F02BDEF00907573 /* DLRepositoryServiceImpl.m */; };
		FC8930E01F02BE9700907573 /* DLAppStoreServiceImpl.m in Sources */ = {isa = PBXBuildFile; fileRef = FC8930DF1F02BE9700907573 /* DLAppStoreServiceImpl.m */; };
		FC8930E81F03935000907573 /* DLNavigationControllerStack.m in Sources */ = {isa = PBXBuildFile; fileRef = FC8930E71F03935000907573 /* DLNavigationControllerStack.m */; };
		FC8930EB1F03983800907573 /* DLViewModelServicesImpl.m in Sources */ = {isa = PBXBuildFile; fileRef = FC8930EA1F03983800907573 /* DLViewModelServicesImpl.m */; };
		FC8930F71F03D4A400907573 /* DLLoginViewModel.m in Sources */ = {isa = PBXBuildFile; fileRef = FC8930F61F03D4A300907573 /* DLLoginViewModel.m */; };
		FC8930FA1F03D60E00907573 /* DLViewController.m in Sources */ = {isa = PBXBuildFile; fileRef = FC8930F91F03D60E00907573 /* DLViewController.m */; };
		FC8930FE1F03E5FE00907573 /* DLLoginViewController.m in Sources */ = {isa = PBXBuildFile; fileRef = FC8930FC1F03E5FE00907573 /* DLLoginViewController.m */; };
		FC8930FF1F03E5FE00907573 /* DLLoginViewController.xib in Resources */ = {isa = PBXBuildFile; fileRef = FC8930FD1F03E5FE00907573 /* DLLoginViewController.xib */; };
/* End PBXBuildFile section */

/* Begin PBXContainerItemProxy section */
		FC8930B61F02B0B300907573 /* PBXContainerItemProxy */ = {
			isa = PBXContainerItemProxy;
			containerPortal = FC8930941F02B0B300907573 /* Project object */;
			proxyType = 1;
			remoteGlobalIDString = FC89309B1F02B0B300907573;
			remoteInfo = DLMVVMLearn;
		};
/* End PBXContainerItemProxy section */

/* Begin PBXFileReference section */
		0DEFA10487BFA7DE76484560 /* Pods-DLMVVMLearn.debug.xcconfig */ = {isa = PBXFileReference; includeInIndex = 1; lastKnownFileType = text.xcconfig; name = "Pods-DLMVVMLearn.debug.xcconfig"; path = "Pods/Target Support Files/Pods-DLMVVMLearn/Pods-DLMVVMLearn.debug.xcconfig"; sourceTree = "<group>"; };
		531BABC71F04085E0036E93E /* DLRouter.h */ = {isa = PBXFileReference; fileEncoding = 4; lastKnownFileType = sourcecode.c.h; path = DLRouter.h; sourceTree = "<group>"; };
		531BABC81F04085E0036E93E /* DLRouter.m */ = {isa = PBXFileReference; fileEncoding = 4; lastKnownFileType = sourcecode.c.objc; path = DLRouter.m; sourceTree = "<group>"; };
		531BABCA1F040B460036E93E /* DLNavigationController.h */ = {isa = PBXFileReference; fileEncoding = 4; lastKnownFileType = sourcecode.c.h; path = DLNavigationController.h; sourceTree = "<group>"; };
		531BABCB1F040B460036E93E /* DLNavigationController.m */ = {isa = PBXFileReference; fileEncoding = 4; lastKnownFileType = sourcecode.c.objc; path = DLNavigationController.m; sourceTree = "<group>"; };
		531BABCD1F040BF50036E93E /* DLTabBarController.h */ = {isa = PBXFileReference; fileEncoding = 4; lastKnownFileType = sourcecode.c.h; path = DLTabBarController.h; sourceTree = "<group>"; };
		531BABCE1F040BF50036E93E /* DLTabBarController.m */ = {isa = PBXFileReference; fileEncoding = 4; lastKnownFileType = sourcecode.c.objc; path = DLTabBarController.m; sourceTree = "<group>"; };
		531BABD01F05578B0036E93E /* SAMKeychain+DLUtil.h */ = {isa = PBXFileReference; fileEncoding = 4; lastKnownFileType = sourcecode.c.h; path = "SAMKeychain+DLUtil.h"; sourceTree = "<group>"; };
		531BABD11F05578B0036E93E /* SAMKeychain+DLUtil.m */ = {isa = PBXFileReference; fileEncoding = 4; lastKnownFileType = sourcecode.c.objc; path = "SAMKeychain+DLUtil.m"; sourceTree = "<group>"; };
		531BABD31F055DCB0036E93E /* DLUtil.h */ = {isa = PBXFileReference; fileEncoding = 4; lastKnownFileType = sourcecode.c.h; path = DLUtil.h; sourceTree = "<group>"; };
		531BABD41F055DCB0036E93E /* DLUtil.m */ = {isa = PBXFileReference; fileEncoding = 4; lastKnownFileType = sourcecode.c.objc; path = DLUtil.m; sourceTree = "<group>"; };
		531BABD61F0560FF0036E93E /* OCTUser+DLPersistence.h */ = {isa = PBXFileReference; fileEncoding = 4; lastKnownFileType = sourcecode.c.h; path = "OCTUser+DLPersistence.h"; sourceTree = "<group>"; };
		531BABD71F0560FF0036E93E /* OCTUser+DLPersistence.m */ = {isa = PBXFileReference; fileEncoding = 4; lastKnownFileType = sourcecode.c.objc; path = "OCTUser+DLPersistence.m"; sourceTree = "<group>"; };
		531BABD91F05614D0036E93E /* DLPersistenceProtocol.h */ = {isa = PBXFileReference; fileEncoding = 4; lastKnownFileType = sourcecode.c.h; path = DLPersistenceProtocol.h; sourceTree = "<group>"; };
		531BABDA1F056BFD0036E93E /* UIImage+DLOcticons.h */ = {isa = PBXFileReference; fileEncoding = 4; lastKnownFileType = sourcecode.c.h; path = "UIImage+DLOcticons.h"; sourceTree = "<group>"; };
		531BABDB1F056BFD0036E93E /* UIImage+DLOcticons.m */ = {isa = PBXFileReference; fileEncoding = 4; lastKnownFileType = sourcecode.c.objc; path = "UIImage+DLOcticons.m"; sourceTree = "<group>"; };
		583FB3B130414A5CEC549A8E /* Pods_DLMVVMLearn.framework */ = {isa = PBXFileReference; explicitFileType = wrapper.framework; includeInIndex = 0; path = Pods_DLMVVMLearn.framework; sourceTree = BUILT_PRODUCTS_DIR; };
		5E2F8452C1D41760B96EB973 /* Pods-DLMVVMLearn.release.xcconfig */ = {isa = PBXFileReference; includeInIndex = 1; lastKnownFileType = text.xcconfig; name = "Pods-DLMVVMLearn.release.xcconfig"; path = "Pods/Target Support Files/Pods-DLMVVMLearn/Pods-DLMVVMLearn.release.xcconfig"; sourceTree = "<group>"; };
		AABEB76A51F2FA0CEB03D956 /* Pods_DLMVVMLearnTests.framework */ = {isa = PBXFileReference; explicitFileType = wrapper.framework; includeInIndex = 0; path = Pods_DLMVVMLearnTests.framework; sourceTree = BUILT_PRODUCTS_DIR; };
		C4ED552C76A76D7F12F697EB /* Pods-DLMVVMLearnTests.debug.xcconfig */ = {isa = PBXFileReference; includeInIndex = 1; lastKnownFileType = text.xcconfig; name = "Pods-DLMVVMLearnTests.debug.xcconfig"; path = "Pods/Target Support Files/Pods-DLMVVMLearnTests/Pods-DLMVVMLearnTests.debug.xcconfig"; sourceTree = "<group>"; };
		CC95154C84445F601F467774 /* Pods-DLMVVMLearnTests.release.xcconfig */ = {isa = PBXFileReference; includeInIndex = 1; lastKnownFileType = text.xcconfig; name = "Pods-DLMVVMLearnTests.release.xcconfig"; path = "Pods/Target Support Files/Pods-DLMVVMLearnTests/Pods-DLMVVMLearnTests.release.xcconfig"; sourceTree = "<group>"; };
		FC89309C1F02B0B300907573 /* DLMVVMLearn.app */ = {isa = PBXFileReference; explicitFileType = wrapper.application; includeInIndex = 0; path = DLMVVMLearn.app; sourceTree = BUILT_PRODUCTS_DIR; };
		FC8930A01F02B0B300907573 /* main.m */ = {isa = PBXFileReference; lastKnownFileType = sourcecode.c.objc; path = main.m; sourceTree = "<group>"; };
		FC8930A21F02B0B300907573 /* DLAppDelegate.h */ = {isa = PBXFileReference; lastKnownFileType = sourcecode.c.h; path = DLAppDelegate.h; sourceTree = "<group>"; };
		FC8930A31F02B0B300907573 /* DLAppDelegate.m */ = {isa = PBXFileReference; lastKnownFileType = sourcecode.c.objc; path = DLAppDelegate.m; sourceTree = "<group>"; };
		FC8930AB1F02B0B300907573 /* Assets.xcassets */ = {isa = PBXFileReference; lastKnownFileType = folder.assetcatalog; path = Assets.xcassets; sourceTree = "<group>"; };
		FC8930AE1F02B0B300907573 /* Base */ = {isa = PBXFileReference; lastKnownFileType = file.storyboard; name = Base; path = Base.lproj/LaunchScreen.storyboard; sourceTree = "<group>"; };
		FC8930B01F02B0B300907573 /* Info.plist */ = {isa = PBXFileReference; lastKnownFileType = text.plist.xml; path = Info.plist; sourceTree = "<group>"; };
		FC8930B51F02B0B300907573 /* DLMVVMLearnTests.xctest */ = {isa = PBXFileReference; explicitFileType = wrapper.cfbundle; includeInIndex = 0; path = DLMVVMLearnTests.xctest; sourceTree = BUILT_PRODUCTS_DIR; };
		FC8930B91F02B0B300907573 /* DLMVVMLearnTests.m */ = {isa = PBXFileReference; lastKnownFileType = sourcecode.c.objc; path = DLMVVMLearnTests.m; sourceTree = "<group>"; };
		FC8930BB1F02B0B300907573 /* Info.plist */ = {isa = PBXFileReference; lastKnownFileType = text.plist.xml; path = Info.plist; sourceTree = "<group>"; };
		FC8930D21F02B6E500907573 /* DLNavigationProtocol.h */ = {isa = PBXFileReference; fileEncoding = 4; lastKnownFileType = sourcecode.c.h; path = DLNavigationProtocol.h; sourceTree = "<group>"; };
		FC8930D31F02B82300907573 /* DLViewModel.h */ = {isa = PBXFileReference; fileEncoding = 4; lastKnownFileType = sourcecode.c.h; path = DLViewModel.h; sourceTree = "<group>"; };
		FC8930D41F02B82300907573 /* DLViewModel.m */ = {isa = PBXFileReference; fileEncoding = 4; lastKnownFileType = sourcecode.c.objc; path = DLViewModel.m; sourceTree = "<group>"; };
		FC8930D71F02BABA00907573 /* PrefixHeader.pch */ = {isa = PBXFileReference; fileEncoding = 4; lastKnownFileType = sourcecode.c.h; path = PrefixHeader.pch; sourceTree = "<group>"; };
		FC8930D91F02BDA900907573 /* DLRepositoryService.h */ = {isa = PBXFileReference; fileEncoding = 4; lastKnownFileType = sourcecode.c.h; path = DLRepositoryService.h; sourceTree = "<group>"; };
		FC8930DA1F02BDEF00907573 /* DLRepositoryServiceImpl.h */ = {isa = PBXFileReference; fileEncoding = 4; lastKnownFileType = sourcecode.c.h; path = DLRepositoryServiceImpl.h; sourceTree = "<group>"; };
		FC8930DB1F02BDEF00907573 /* DLRepositoryServiceImpl.m */ = {isa = PBXFileReference; fileEncoding = 4; lastKnownFileType = sourcecode.c.objc; path = DLRepositoryServiceImpl.m; sourceTree = "<group>"; };
		FC8930DD1F02BE6D00907573 /* DLAppStoreService.h */ = {isa = PBXFileReference; fileEncoding = 4; lastKnownFileType = sourcecode.c.h; path = DLAppStoreService.h; sourceTree = "<group>"; };
		FC8930DE1F02BE9700907573 /* DLAppStoreServiceImpl.h */ = {isa = PBXFileReference; fileEncoding = 4; lastKnownFileType = sourcecode.c.h; path = DLAppStoreServiceImpl.h; sourceTree = "<group>"; };
		FC8930DF1F02BE9700907573 /* DLAppStoreServiceImpl.m */ = {isa = PBXFileReference; fileEncoding = 4; lastKnownFileType = sourcecode.c.objc; path = DLAppStoreServiceImpl.m; sourceTree = "<group>"; };
		FC8930E11F02BEE100907573 /* DLViewModelServices.h */ = {isa = PBXFileReference; fileEncoding = 4; lastKnownFileType = sourcecode.c.h; path = DLViewModelServices.h; sourceTree = "<group>"; };
		FC8930E21F02C63800907573 /* DLConstant.h */ = {isa = PBXFileReference; fileEncoding = 4; lastKnownFileType = sourcecode.c.h; path = DLConstant.h; sourceTree = "<group>"; };
		FC8930E61F03935000907573 /* DLNavigationControllerStack.h */ = {isa = PBXFileReference; fileEncoding = 4; lastKnownFileType = sourcecode.c.h; path = DLNavigationControllerStack.h; sourceTree = "<group>"; };
		FC8930E71F03935000907573 /* DLNavigationControllerStack.m */ = {isa = PBXFileReference; fileEncoding = 4; lastKnownFileType = sourcecode.c.objc; path = DLNavigationControllerStack.m; sourceTree = "<group>"; };
		FC8930E91F03983800907573 /* DLViewModelServicesImpl.h */ = {isa = PBXFileReference; fileEncoding = 4; lastKnownFileType = sourcecode.c.h; path = DLViewModelServicesImpl.h; sourceTree = "<group>"; };
		FC8930EA1F03983800907573 /* DLViewModelServicesImpl.m */ = {isa = PBXFileReference; fileEncoding = 4; lastKnownFileType = sourcecode.c.objc; path = DLViewModelServicesImpl.m; sourceTree = "<group>"; };
		FC8930F51F03D4A300907573 /* DLLoginViewModel.h */ = {isa = PBXFileReference; fileEncoding = 4; lastKnownFileType = sourcecode.c.h; path = DLLoginViewModel.h; sourceTree = "<group>"; };
		FC8930F61F03D4A300907573 /* DLLoginViewModel.m */ = {isa = PBXFileReference; fileEncoding = 4; lastKnownFileType = sourcecode.c.objc; path = DLLoginViewModel.m; sourceTree = "<group>"; };
		FC8930F81F03D60E00907573 /* DLViewController.h */ = {isa = PBXFileReference; fileEncoding = 4; lastKnownFileType = sourcecode.c.h; path = DLViewController.h; sourceTree = "<group>"; };
		FC8930F91F03D60E00907573 /* DLViewController.m */ = {isa = PBXFileReference; fileEncoding = 4; lastKnownFileType = sourcecode.c.objc; path = DLViewController.m; sourceTree = "<group>"; };
		FC8930FB1F03E5FE00907573 /* DLLoginViewController.h */ = {isa = PBXFileReference; fileEncoding = 4; lastKnownFileType = sourcecode.c.h; path = DLLoginViewController.h; sourceTree = "<group>"; };
		FC8930FC1F03E5FE00907573 /* DLLoginViewController.m */ = {isa = PBXFileReference; fileEncoding = 4; lastKnownFileType = sourcecode.c.objc; path = DLLoginViewController.m; sourceTree = "<group>"; };
		FC8930FD1F03E5FE00907573 /* DLLoginViewController.xib */ = {isa = PBXFileReference; fileEncoding = 4; lastKnownFileType = file.xib; path = DLLoginViewController.xib; sourceTree = "<group>"; };
		FC8931001F03EE9200907573 /* DLConfig.h */ = {isa = PBXFileReference; fileEncoding = 4; lastKnownFileType = sourcecode.c.h; path = DLConfig.h; sourceTree = "<group>"; };
/* End PBXFileReference section */

/* Begin PBXFrameworksBuildPhase section */
		FC8930991F02B0B300907573 /* Frameworks */ = {
			isa = PBXFrameworksBuildPhase;
			buildActionMask = 2147483647;
			files = (
				EC303679236CA882D9AA8578 /* Pods_DLMVVMLearn.framework in Frameworks */,
			);
			runOnlyForDeploymentPostprocessing = 0;
		};
		FC8930B21F02B0B300907573 /* Frameworks */ = {
			isa = PBXFrameworksBuildPhase;
			buildActionMask = 2147483647;
			files = (
				3B8FA5BA3DADBAC594938712 /* Pods_DLMVVMLearnTests.framework in Frameworks */,
			);
			runOnlyForDeploymentPostprocessing = 0;
		};
/* End PBXFrameworksBuildPhase section */

/* Begin PBXGroup section */
		BCB71DC8ED4D442C6159E7C6 /* Frameworks */ = {
			isa = PBXGroup;
			children = (
				583FB3B130414A5CEC549A8E /* Pods_DLMVVMLearn.framework */,
				AABEB76A51F2FA0CEB03D956 /* Pods_DLMVVMLearnTests.framework */,
			);
			name = Frameworks;
			sourceTree = "<group>";
		};
		C5471FD34D23A655115DC2F4 /* Pods */ = {
			isa = PBXGroup;
			children = (
				0DEFA10487BFA7DE76484560 /* Pods-DLMVVMLearn.debug.xcconfig */,
				5E2F8452C1D41760B96EB973 /* Pods-DLMVVMLearn.release.xcconfig */,
				C4ED552C76A76D7F12F697EB /* Pods-DLMVVMLearnTests.debug.xcconfig */,
				CC95154C84445F601F467774 /* Pods-DLMVVMLearnTests.release.xcconfig */,
			);
			name = Pods;
			sourceTree = "<group>";
		};
		FC8930931F02B0B300907573 = {
			isa = PBXGroup;
			children = (
				FC89309E1F02B0B300907573 /* DLMVVMLearn */,
				FC8930B81F02B0B300907573 /* DLMVVMLearnTests */,
				FC89309D1F02B0B300907573 /* Products */,
				C5471FD34D23A655115DC2F4 /* Pods */,
				BCB71DC8ED4D442C6159E7C6 /* Frameworks */,
			);
			sourceTree = "<group>";
		};
		FC89309D1F02B0B300907573 /* Products */ = {
			isa = PBXGroup;
			children = (
				FC89309C1F02B0B300907573 /* DLMVVMLearn.app */,
				FC8930B51F02B0B300907573 /* DLMVVMLearnTests.xctest */,
			);
			name = Products;
			sourceTree = "<group>";
		};
		FC89309E1F02B0B300907573 /* DLMVVMLearn */ = {
			isa = PBXGroup;
			children = (
				FC8930CC1F02B57300907573 /* Model */,
				FC8930CD1F02B57300907573 /* Util */,
				FC8930CE1F02B57300907573 /* View */,
				FC8930CF1F02B57300907573 /* ViewModel */,
				FC8930A21F02B0B300907573 /* DLAppDelegate.h */,
				FC8930A31F02B0B300907573 /* DLAppDelegate.m */,
				FC8930AB1F02B0B300907573 /* Assets.xcassets */,
				FC8930AD1F02B0B300907573 /* LaunchScreen.storyboard */,
				FC89309F1F02B0B300907573 /* Supporting Files */,
			);
			path = DLMVVMLearn;
			sourceTree = "<group>";
		};
		FC89309F1F02B0B300907573 /* Supporting Files */ = {
			isa = PBXGroup;
			children = (
				FC8930B01F02B0B300907573 /* Info.plist */,
				FC8930A01F02B0B300907573 /* main.m */,
				FC8930D71F02BABA00907573 /* PrefixHeader.pch */,
			);
			name = "Supporting Files";
			sourceTree = "<group>";
		};
		FC8930B81F02B0B300907573 /* DLMVVMLearnTests */ = {
			isa = PBXGroup;
			children = (
				FC8930B91F02B0B300907573 /* DLMVVMLearnTests.m */,
				FC8930BB1F02B0B300907573 /* Info.plist */,
			);
			path = DLMVVMLearnTests;
			sourceTree = "<group>";
		};
		FC8930CC1F02B57300907573 /* Model */ = {
			isa = PBXGroup;
			children = (
				FC8930D91F02BDA900907573 /* DLRepositoryService.h */,
				FC8930DA1F02BDEF00907573 /* DLRepositoryServiceImpl.h */,
				FC8930DB1F02BDEF00907573 /* DLRepositoryServiceImpl.m */,
				FC8930DD1F02BE6D00907573 /* DLAppStoreService.h */,
				FC8930DE1F02BE9700907573 /* DLAppStoreServiceImpl.h */,
				FC8930DF1F02BE9700907573 /* DLAppStoreServiceImpl.m */,
				531BABD91F05614D0036E93E /* DLPersistenceProtocol.h */,
				531BABD61F0560FF0036E93E /* OCTUser+DLPersistence.h */,
				531BABD71F0560FF0036E93E /* OCTUser+DLPersistence.m */,
			);
			path = Model;
			sourceTree = "<group>";
		};
		FC8930CD1F02B57300907573 /* Util */ = {
			isa = PBXGroup;
			children = (
				FC8930E21F02C63800907573 /* DLConstant.h */,
				FC8931001F03EE9200907573 /* DLConfig.h */,
				531BABC71F04085E0036E93E /* DLRouter.h */,
				531BABC81F04085E0036E93E /* DLRouter.m */,
				531BABD01F05578B0036E93E /* SAMKeychain+DLUtil.h */,
				531BABD11F05578B0036E93E /* SAMKeychain+DLUtil.m */,
				531BABD31F055DCB0036E93E /* DLUtil.h */,
				531BABD41F055DCB0036E93E /* DLUtil.m */,
				531BABDA1F056BFD0036E93E /* UIImage+DLOcticons.h */,
				531BABDB1F056BFD0036E93E /* UIImage+DLOcticons.m */,
			);
			path = Util;
			sourceTree = "<group>";
		};
		FC8930CE1F02B57300907573 /* View */ = {
			isa = PBXGroup;
			children = (
				FC8930D01F02B59900907573 /* BaseClass */,
				FC8930FB1F03E5FE00907573 /* DLLoginViewController.h */,
				FC8930FC1F03E5FE00907573 /* DLLoginViewController.m */,
				FC8930FD1F03E5FE00907573 /* DLLoginViewController.xib */,
			);
			path = View;
			sourceTree = "<group>";
		};
		FC8930CF1F02B57300907573 /* ViewModel */ = {
			isa = PBXGroup;
			children = (
				FC8930D11F02B5BB00907573 /* BaseClass */,
				FC8930F51F03D4A300907573 /* DLLoginViewModel.h */,
				FC8930F61F03D4A300907573 /* DLLoginViewModel.m */,
			);
			path = ViewModel;
			sourceTree = "<group>";
		};
		FC8930D01F02B59900907573 /* BaseClass */ = {
			isa = PBXGroup;
			children = (
				FC8930E61F03935000907573 /* DLNavigationControllerStack.h */,
				FC8930E71F03935000907573 /* DLNavigationControllerStack.m */,
				531BABCA1F040B460036E93E /* DLNavigationController.h */,
				531BABCB1F040B460036E93E /* DLNavigationController.m */,
				531BABCD1F040BF50036E93E /* DLTabBarController.h */,
				531BABCE1F040BF50036E93E /* DLTabBarController.m */,
				FC8930F81F03D60E00907573 /* DLViewController.h */,
				FC8930F91F03D60E00907573 /* DLViewController.m */,
			);
			path = BaseClass;
			sourceTree = "<group>";
		};
		FC8930D11F02B5BB00907573 /* BaseClass */ = {
			isa = PBXGroup;
			children = (
				FC8930D21F02B6E500907573 /* DLNavigationProtocol.h */,
				FC8930D31F02B82300907573 /* DLViewModel.h */,
				FC8930D41F02B82300907573 /* DLViewModel.m */,
				FC8930E11F02BEE100907573 /* DLViewModelServices.h */,
				FC8930E91F03983800907573 /* DLViewModelServicesImpl.h */,
				FC8930EA1F03983800907573 /* DLViewModelServicesImpl.m */,
			);
			path = BaseClass;
			sourceTree = "<group>";
		};
/* End PBXGroup section */

/* Begin PBXNativeTarget section */
		FC89309B1F02B0B300907573 /* DLMVVMLearn */ = {
			isa = PBXNativeTarget;
			buildConfigurationList = FC8930BE1F02B0B300907573 /* Build configuration list for PBXNativeTarget "DLMVVMLearn" */;
			buildPhases = (
				A6B5A2524C8A7A27EEC3D7C0 /* [CP] Check Pods Manifest.lock */,
				FC8930981F02B0B300907573 /* Sources */,
				FC8930991F02B0B300907573 /* Frameworks */,
				FC89309A1F02B0B300907573 /* Resources */,
				E5E6CEA0B4385691922430A1 /* [CP] Embed Pods Frameworks */,
				8CCE1669757998B5E2A1A3B1 /* [CP] Copy Pods Resources */,
			);
			buildRules = (
			);
			dependencies = (
			);
			name = DLMVVMLearn;
			productName = DLMVVMLearn;
			productReference = FC89309C1F02B0B300907573 /* DLMVVMLearn.app */;
			productType = "com.apple.product-type.application";
		};
		FC8930B41F02B0B300907573 /* DLMVVMLearnTests */ = {
			isa = PBXNativeTarget;
			buildConfigurationList = FC8930C11F02B0B300907573 /* Build configuration list for PBXNativeTarget "DLMVVMLearnTests" */;
			buildPhases = (
				68ADA3D22D8347418ED603CD /* [CP] Check Pods Manifest.lock */,
				FC8930B11F02B0B300907573 /* Sources */,
				FC8930B21F02B0B300907573 /* Frameworks */,
				FC8930B31F02B0B300907573 /* Resources */,
				FDE2353443B2A7F5DCB5FB22 /* [CP] Embed Pods Frameworks */,
				15B09CB054573A981A45F3EA /* [CP] Copy Pods Resources */,
			);
			buildRules = (
			);
			dependencies = (
				FC8930B71F02B0B300907573 /* PBXTargetDependency */,
			);
			name = DLMVVMLearnTests;
			productName = DLMVVMLearnTests;
			productReference = FC8930B51F02B0B300907573 /* DLMVVMLearnTests.xctest */;
			productType = "com.apple.product-type.bundle.unit-test";
		};
/* End PBXNativeTarget section */

/* Begin PBXProject section */
		FC8930941F02B0B300907573 /* Project object */ = {
			isa = PBXProject;
			attributes = {
				LastUpgradeCheck = 0820;
				ORGANIZATIONNAME = dylan;
				TargetAttributes = {
					FC89309B1F02B0B300907573 = {
						CreatedOnToolsVersion = 8.2.1;
						DevelopmentTeam = N3VMDF986B;
						ProvisioningStyle = Automatic;
					};
					FC8930B41F02B0B300907573 = {
						CreatedOnToolsVersion = 8.2.1;
						DevelopmentTeam = 942CC4H6H8;
						ProvisioningStyle = Automatic;
						TestTargetID = FC89309B1F02B0B300907573;
					};
				};
			};
			buildConfigurationList = FC8930971F02B0B300907573 /* Build configuration list for PBXProject "DLMVVMLearn" */;
			compatibilityVersion = "Xcode 3.2";
			developmentRegion = English;
			hasScannedForEncodings = 0;
			knownRegions = (
				en,
				Base,
			);
			mainGroup = FC8930931F02B0B300907573;
			productRefGroup = FC89309D1F02B0B300907573 /* Products */;
			projectDirPath = "";
			projectRoot = "";
			targets = (
				FC89309B1F02B0B300907573 /* DLMVVMLearn */,
				FC8930B41F02B0B300907573 /* DLMVVMLearnTests */,
			);
		};
/* End PBXProject section */

/* Begin PBXResourcesBuildPhase section */
		FC89309A1F02B0B300907573 /* Resources */ = {
			isa = PBXResourcesBuildPhase;
			buildActionMask = 2147483647;
			files = (
				FC8930AF1F02B0B300907573 /* LaunchScreen.storyboard in Resources */,
				FC8930FF1F03E5FE00907573 /* DLLoginViewController.xib in Resources */,
				FC8930AC1F02B0B300907573 /* Assets.xcassets in Resources */,
			);
			runOnlyForDeploymentPostprocessing = 0;
		};
		FC8930B31F02B0B300907573 /* Resources */ = {
			isa = PBXResourcesBuildPhase;
			buildActionMask = 2147483647;
			files = (
			);
			runOnlyForDeploymentPostprocessing = 0;
		};
/* End PBXResourcesBuildPhase section */

/* Begin PBXShellScriptBuildPhase section */
		15B09CB054573A981A45F3EA /* [CP] Copy Pods Resources */ = {
			isa = PBXShellScriptBuildPhase;
			buildActionMask = 2147483647;
			files = (
			);
			inputPaths = (
			);
			name = "[CP] Copy Pods Resources";
			outputPaths = (
			);
			runOnlyForDeploymentPostprocessing = 0;
			shellPath = /bin/sh;
			shellScript = "\"${SRCROOT}/Pods/Target Support Files/Pods-DLMVVMLearnTests/Pods-DLMVVMLearnTests-resources.sh\"\n";
			showEnvVarsInLog = 0;
		};
		68ADA3D22D8347418ED603CD /* [CP] Check Pods Manifest.lock */ = {
			isa = PBXShellScriptBuildPhase;
			buildActionMask = 2147483647;
			files = (
			);
			inputPaths = (
			);
			name = "[CP] Check Pods Manifest.lock";
			outputPaths = (
			);
			runOnlyForDeploymentPostprocessing = 0;
			shellPath = /bin/sh;
			shellScript = "diff \"${PODS_PODFILE_DIR_PATH}/Podfile.lock\" \"${PODS_ROOT}/Manifest.lock\" > /dev/null\nif [ $? != 0 ] ; then\n    # print error to STDERR\n    echo \"error: The sandbox is not in sync with the Podfile.lock. Run 'pod install' or update your CocoaPods installation.\" >&2\n    exit 1\nfi\n";
			showEnvVarsInLog = 0;
		};
		8CCE1669757998B5E2A1A3B1 /* [CP] Copy Pods Resources */ = {
			isa = PBXShellScriptBuildPhase;
			buildActionMask = 2147483647;
			files = (
			);
			inputPaths = (
			);
			name = "[CP] Copy Pods Resources";
			outputPaths = (
			);
			runOnlyForDeploymentPostprocessing = 0;
			shellPath = /bin/sh;
			shellScript = "\"${SRCROOT}/Pods/Target Support Files/Pods-DLMVVMLearn/Pods-DLMVVMLearn-resources.sh\"\n";
			showEnvVarsInLog = 0;
		};
		A6B5A2524C8A7A27EEC3D7C0 /* [CP] Check Pods Manifest.lock */ = {
			isa = PBXShellScriptBuildPhase;
			buildActionMask = 2147483647;
			files = (
			);
			inputPaths = (
			);
			name = "[CP] Check Pods Manifest.lock";
			outputPaths = (
			);
			runOnlyForDeploymentPostprocessing = 0;
			shellPath = /bin/sh;
			shellScript = "diff \"${PODS_PODFILE_DIR_PATH}/Podfile.lock\" \"${PODS_ROOT}/Manifest.lock\" > /dev/null\nif [ $? != 0 ] ; then\n    # print error to STDERR\n    echo \"error: The sandbox is not in sync with the Podfile.lock. Run 'pod install' or update your CocoaPods installation.\" >&2\n    exit 1\nfi\n";
			showEnvVarsInLog = 0;
		};
		E5E6CEA0B4385691922430A1 /* [CP] Embed Pods Frameworks */ = {
			isa = PBXShellScriptBuildPhase;
			buildActionMask = 2147483647;
			files = (
			);
			inputPaths = (
			);
			name = "[CP] Embed Pods Frameworks";
			outputPaths = (
			);
			runOnlyForDeploymentPostprocessing = 0;
			shellPath = /bin/sh;
			shellScript = "\"${SRCROOT}/Pods/Target Support Files/Pods-DLMVVMLearn/Pods-DLMVVMLearn-frameworks.sh\"\n";
			showEnvVarsInLog = 0;
		};
		FDE2353443B2A7F5DCB5FB22 /* [CP] Embed Pods Frameworks */ = {
			isa = PBXShellScriptBuildPhase;
			buildActionMask = 2147483647;
			files = (
			);
			inputPaths = (
			);
			name = "[CP] Embed Pods Frameworks";
			outputPaths = (
			);
			runOnlyForDeploymentPostprocessing = 0;
			shellPath = /bin/sh;
			shellScript = "\"${SRCROOT}/Pods/Target Support Files/Pods-DLMVVMLearnTests/Pods-DLMVVMLearnTests-frameworks.sh\"\n";
			showEnvVarsInLog = 0;
		};
/* End PBXShellScriptBuildPhase section */

/* Begin PBXSourcesBuildPhase section */
		FC8930981F02B0B300907573 /* Sources */ = {
			isa = PBXSourcesBuildPhase;
			buildActionMask = 2147483647;
			files = (
				FC8930D51F02B82300907573 /* DLViewModel.m in Sources */,
				FC8930E81F03935000907573 /* DLNavigationControllerStack.m in Sources */,
				531BABC91F04085E0036E93E /* DLRouter.m in Sources */,
				FC8930F71F03D4A400907573 /* DLLoginViewModel.m in Sources */,
				531BABCC1F040B460036E93E /* DLNavigationController.m in Sources */,
				531BABD51F055DCB0036E93E /* DLUtil.m in Sources */,
				FC8930A41F02B0B300907573 /* DLAppDelegate.m in Sources */,
				531BABD81F0560FF0036E93E /* OCTUser+DLPersistence.m in Sources */,
				FC8930E01F02BE9700907573 /* DLAppStoreServiceImpl.m in Sources */,
				531BABDC1F056BFD0036E93E /* UIImage+DLOcticons.m in Sources */,
				FC8930FE1F03E5FE00907573 /* DLLoginViewController.m in Sources */,
				FC8930A11F02B0B300907573 /* main.m in Sources */,
				FC8930EB1F03983800907573 /* DLViewModelServicesImpl.m in Sources */,
				FC8930FA1F03D60E00907573 /* DLViewController.m in Sources */,
				FC8930DC1F02BDEF00907573 /* DLRepositoryServiceImpl.m in Sources */,
				531BABCF1F040BF50036E93E /* DLTabBarController.m in Sources */,
				531BABD21F05578B0036E93E /* SAMKeychain+DLUtil.m in Sources */,
			);
			runOnlyForDeploymentPostprocessing = 0;
		};
		FC8930B11F02B0B300907573 /* Sources */ = {
			isa = PBXSourcesBuildPhase;
			buildActionMask = 2147483647;
			files = (
				FC8930BA1F02B0B300907573 /* DLMVVMLearnTests.m in Sources */,
			);
			runOnlyForDeploymentPostprocessing = 0;
		};
/* End PBXSourcesBuildPhase section */

/* Begin PBXTargetDependency section */
		FC8930B71F02B0B300907573 /* PBXTargetDependency */ = {
			isa = PBXTargetDependency;
			target = FC89309B1F02B0B300907573 /* DLMVVMLearn */;
			targetProxy = FC8930B61F02B0B300907573 /* PBXContainerItemProxy */;
		};
/* End PBXTargetDependency section */

/* Begin PBXVariantGroup section */
		FC8930AD1F02B0B300907573 /* LaunchScreen.storyboard */ = {
			isa = PBXVariantGroup;
			children = (
				FC8930AE1F02B0B300907573 /* Base */,
			);
			name = LaunchScreen.storyboard;
			sourceTree = "<group>";
		};
/* End PBXVariantGroup section */

/* Begin XCBuildConfiguration section */
		FC8930BC1F02B0B300907573 /* Debug */ = {
			isa = XCBuildConfiguration;
			buildSettings = {
				ALWAYS_SEARCH_USER_PATHS = NO;
				CLANG_ANALYZER_NONNULL = YES;
				CLANG_CXX_LANGUAGE_STANDARD = "gnu++0x";
				CLANG_CXX_LIBRARY = "libc++";
				CLANG_ENABLE_MODULES = YES;
				CLANG_ENABLE_OBJC_ARC = YES;
				CLANG_WARN_BOOL_CONVERSION = YES;
				CLANG_WARN_CONSTANT_CONVERSION = YES;
				CLANG_WARN_DIRECT_OBJC_ISA_USAGE = YES_ERROR;
				CLANG_WARN_DOCUMENTATION_COMMENTS = YES;
				CLANG_WARN_EMPTY_BODY = YES;
				CLANG_WARN_ENUM_CONVERSION = YES;
				CLANG_WARN_INFINITE_RECURSION = YES;
				CLANG_WARN_INT_CONVERSION = YES;
				CLANG_WARN_OBJC_ROOT_CLASS = YES_ERROR;
				CLANG_WARN_SUSPICIOUS_MOVE = YES;
				CLANG_WARN_UNREACHABLE_CODE = YES;
				CLANG_WARN__DUPLICATE_METHOD_MATCH = YES;
				"CODE_SIGN_IDENTITY[sdk=iphoneos*]" = "iPhone Developer";
				COPY_PHASE_STRIP = NO;
				DEBUG_INFORMATION_FORMAT = dwarf;
				ENABLE_STRICT_OBJC_MSGSEND = YES;
				ENABLE_TESTABILITY = YES;
				GCC_C_LANGUAGE_STANDARD = gnu99;
				GCC_DYNAMIC_NO_PIC = NO;
				GCC_NO_COMMON_BLOCKS = YES;
				GCC_OPTIMIZATION_LEVEL = 0;
				GCC_PREPROCESSOR_DEFINITIONS = (
					"DEBUG=1",
					"$(inherited)",
				);
				GCC_WARN_64_TO_32_BIT_CONVERSION = YES;
				GCC_WARN_ABOUT_RETURN_TYPE = YES_ERROR;
				GCC_WARN_UNDECLARED_SELECTOR = YES;
				GCC_WARN_UNINITIALIZED_AUTOS = YES_AGGRESSIVE;
				GCC_WARN_UNUSED_FUNCTION = YES;
				GCC_WARN_UNUSED_VARIABLE = YES;
				IPHONEOS_DEPLOYMENT_TARGET = 10.2;
				MTL_ENABLE_DEBUG_INFO = YES;
				ONLY_ACTIVE_ARCH = YES;
				SDKROOT = iphoneos;
				TARGETED_DEVICE_FAMILY = "1,2";
			};
			name = Debug;
		};
		FC8930BD1F02B0B300907573 /* Release */ = {
			isa = XCBuildConfiguration;
			buildSettings = {
				ALWAYS_SEARCH_USER_PATHS = NO;
				CLANG_ANALYZER_NONNULL = YES;
				CLANG_CXX_LANGUAGE_STANDARD = "gnu++0x";
				CLANG_CXX_LIBRARY = "libc++";
				CLANG_ENABLE_MODULES = YES;
				CLANG_ENABLE_OBJC_ARC = YES;
				CLANG_WARN_BOOL_CONVERSION = YES;
				CLANG_WARN_CONSTANT_CONVERSION = YES;
				CLANG_WARN_DIRECT_OBJC_ISA_USAGE = YES_ERROR;
				CLANG_WARN_DOCUMENTATION_COMMENTS = YES;
				CLANG_WARN_EMPTY_BODY = YES;
				CLANG_WARN_ENUM_CONVERSION = YES;
				CLANG_WARN_INFINITE_RECURSION = YES;
				CLANG_WARN_INT_CONVERSION = YES;
				CLANG_WARN_OBJC_ROOT_CLASS = YES_ERROR;
				CLANG_WARN_SUSPICIOUS_MOVE = YES;
				CLANG_WARN_UNREACHABLE_CODE = YES;
				CLANG_WARN__DUPLICATE_METHOD_MATCH = YES;
				"CODE_SIGN_IDENTITY[sdk=iphoneos*]" = "iPhone Developer";
				COPY_PHASE_STRIP = NO;
				DEBUG_INFORMATION_FORMAT = "dwarf-with-dsym";
				ENABLE_NS_ASSERTIONS = NO;
				ENABLE_STRICT_OBJC_MSGSEND = YES;
				GCC_C_LANGUAGE_STANDARD = gnu99;
				GCC_NO_COMMON_BLOCKS = YES;
				GCC_WARN_64_TO_32_BIT_CONVERSION = YES;
				GCC_WARN_ABOUT_RETURN_TYPE = YES_ERROR;
				GCC_WARN_UNDECLARED_SELECTOR = YES;
				GCC_WARN_UNINITIALIZED_AUTOS = YES_AGGRESSIVE;
				GCC_WARN_UNUSED_FUNCTION = YES;
				GCC_WARN_UNUSED_VARIABLE = YES;
				IPHONEOS_DEPLOYMENT_TARGET = 10.2;
				MTL_ENABLE_DEBUG_INFO = NO;
				SDKROOT = iphoneos;
				TARGETED_DEVICE_FAMILY = "1,2";
				VALIDATE_PRODUCT = YES;
			};
			name = Release;
		};
		FC8930BF1F02B0B300907573 /* Debug */ = {
			isa = XCBuildConfiguration;
			baseConfigurationReference = 0DEFA10487BFA7DE76484560 /* Pods-DLMVVMLearn.debug.xcconfig */;
			buildSettings = {
				ASSETCATALOG_COMPILER_APPICON_NAME = AppIcon;
				DEVELOPMENT_TEAM = N3VMDF986B;
				GCC_PREFIX_HEADER = DLMVVMLearn/PrefixHeader.pch;
				INFOPLIST_FILE = DLMVVMLearn/Info.plist;
				LD_RUNPATH_SEARCH_PATHS = "$(inherited) @executable_path/Frameworks";
				PRODUCT_BUNDLE_IDENTIFIER = com.meiauto.DLMVVMLearn;
				PRODUCT_NAME = "$(TARGET_NAME)";
			};
			name = Debug;
		};
		FC8930C01F02B0B300907573 /* Release */ = {
			isa = XCBuildConfiguration;
			baseConfigurationReference = 5E2F8452C1D41760B96EB973 /* Pods-DLMVVMLearn.release.xcconfig */;
			buildSettings = {
				ASSETCATALOG_COMPILER_APPICON_NAME = AppIcon;
				DEVELOPMENT_TEAM = N3VMDF986B;
				GCC_PREFIX_HEADER = DLMVVMLearn/PrefixHeader.pch;
				INFOPLIST_FILE = DLMVVMLearn/Info.plist;
				LD_RUNPATH_SEARCH_PATHS = "$(inherited) @executable_path/Frameworks";
				PRODUCT_BUNDLE_IDENTIFIER = com.meiauto.DLMVVMLearn;
				PRODUCT_NAME = "$(TARGET_NAME)";
			};
			name = Release;
		};
		FC8930C21F02B0B300907573 /* Debug */ = {
			isa = XCBuildConfiguration;
			baseConfigurationReference = C4ED552C76A76D7F12F697EB /* Pods-DLMVVMLearnTests.debug.xcconfig */;
			buildSettings = {
				BUNDLE_LOADER = "$(TEST_HOST)";
				DEVELOPMENT_TEAM = 942CC4H6H8;
				INFOPLIST_FILE = DLMVVMLearnTests/Info.plist;
				LD_RUNPATH_SEARCH_PATHS = "$(inherited) @executable_path/Frameworks @loader_path/Frameworks";
				PRODUCT_BUNDLE_IDENTIFIER = com.meiauto.DLMVVMLearnTests;
				PRODUCT_NAME = "$(TARGET_NAME)";
				TEST_HOST = "$(BUILT_PRODUCTS_DIR)/DLMVVMLearn.app/DLMVVMLearn";
			};
			name = Debug;
		};
		FC8930C31F02B0B300907573 /* Release */ = {
			isa = XCBuildConfiguration;
			baseConfigurationReference = CC95154C84445F601F467774 /* Pods-DLMVVMLearnTests.release.xcconfig */;
			buildSettings = {
				BUNDLE_LOADER = "$(TEST_HOST)";
				DEVELOPMENT_TEAM = 942CC4H6H8;
				INFOPLIST_FILE = DLMVVMLearnTests/Info.plist;
				LD_RUNPATH_SEARCH_PATHS = "$(inherited) @executable_path/Frameworks @loader_path/Frameworks";
				PRODUCT_BUNDLE_IDENTIFIER = com.meiauto.DLMVVMLearnTests;
				PRODUCT_NAME = "$(TARGET_NAME)";
				TEST_HOST = "$(BUILT_PRODUCTS_DIR)/DLMVVMLearn.app/DLMVVMLearn";
			};
			name = Release;
		};
/* End XCBuildConfiguration section */

/* Begin XCConfigurationList section */
		FC8930971F02B0B300907573 /* Build configuration list for PBXProject "DLMVVMLearn" */ = {
			isa = XCConfigurationList;
			buildConfigurations = (
				FC8930BC1F02B0B300907573 /* Debug */,
				FC8930BD1F02B0B300907573 /* Release */,
			);
			defaultConfigurationIsVisible = 0;
			defaultConfigurationName = Release;
		};
		FC8930BE1F02B0B300907573 /* Build configuration list for PBXNativeTarget "DLMVVMLearn" */ = {
			isa = XCConfigurationList;
			buildConfigurations = (
				FC8930BF1F02B0B300907573 /* Debug */,
				FC8930C01F02B0B300907573 /* Release */,
			);
			defaultConfigurationIsVisible = 0;
			defaultConfigurationName = Release;
		};
		FC8930C11F02B0B300907573 /* Build configuration list for PBXNativeTarget "DLMVVMLearnTests" */ = {
			isa = XCConfigurationList;
			buildConfigurations = (
				FC8930C21F02B0B300907573 /* Debug */,
				FC8930C31F02B0B300907573 /* Release */,
			);
			defaultConfigurationIsVisible = 0;
			defaultConfigurationName = Release;
		};
/* End XCConfigurationList section */
	};
	rootObject = FC8930941F02B0B300907573 /* Project object */;
}
